
Microsoft Visual Studio Solution File, Format Version 12.00
# Visual Studio Version 16
VisualStudioVersion = 16.0.31729.503
MinimumVisualStudioVersion = 10.0.40219.1
Project("{FAE04EC0-301F-11D3-BF4B-00C04F79EFBC}") = "01_Srategy", "01_Srategy\01_Srategy.csproj", "{F2BB39A1-A4F0-4C40-ACFB-43EA0FA61EC1}"
EndProject
Global
	GlobalSection(SolutionConfigurationPlatforms) = preSolution
		Debug|Any CPU = Debug|Any CPU
		Release|Any CPU = Release|Any CPU
	EndGlobalSection
	GlobalSection(ProjectConfigurationPlatforms) = postSolution
		{F2BB39A1-A4F0-4C40-ACFB-43EA0FA61EC1}.Debug|Any CPU.ActiveCfg = Debug|Any CPU
		{F2BB39A1-A4F0-4C40-ACFB-43EA0FA61EC1}.Debug|Any CPU.Build.0 = Debug|Any CPU
		{F2BB39A1-A4F0-4C40-ACFB-43EA0FA61EC1}.Release|Any CPU.ActiveCfg = Release|Any CPU
		{F2BB39A1-A4F0-4C40-ACFB-43EA0FA61EC1}.Release|Any CPU.Build.0 = Release|Any CPU
	EndGlobalSection
	GlobalSection(SolutionProperties) = preSolution
		HideSolutionNode = FALSE
	EndGlobalSection
	GlobalSection(ExtensibilityGlobals) = postSolution
		SolutionGuid = {C7177E49-7E19-422C-AB8F-751D26D08A90}
	EndGlobalSection
EndGlobal
