
Microsoft Visual Studio Solution File, Format Version 12.00
# Visual Studio Version 16
VisualStudioVersion = 16.0.31729.503
MinimumVisualStudioVersion = 10.0.40219.1
Project("{9A19103F-16F7-4668-BE54-9A1E7A4F7556}") = "Clean_Code_Naming", "Clean_Code_Naming.csproj", "{F4390603-B9F1-4648-B17E-CFE1BC6A02E2}"
EndProject
Project("{9A19103F-16F7-4668-BE54-9A1E7A4F7556}") = "Clean_Code_Functions", "..\Clean_Code_Functions\Clean_Code_Functions.csproj", "{BD9F75C5-A48D-4CCE-BC35-C44670306A19}"
EndProject
Project("{9A19103F-16F7-4668-BE54-9A1E7A4F7556}") = "Clean_Code_Comments", "..\Clean_Code_Comments\Clean_Code_Comments.csproj", "{A00EC34B-6825-4C2F-95BF-88FF2EEE1985}"
EndProject
Project("{FAE04EC0-301F-11D3-BF4B-00C04F79EFBC}") = "Clean_Code_Formating", "..\Clean_Code_Formating\Clean_Code_Formating.csproj", "{CDF572C0-C6B5-4B52-9985-C99A7241B735}"
EndProject
Global
	GlobalSection(SolutionConfigurationPlatforms) = preSolution
		Debug|Any CPU = Debug|Any CPU
		Release|Any CPU = Release|Any CPU
	EndGlobalSection
	GlobalSection(ProjectConfigurationPlatforms) = postSolution
		{F4390603-B9F1-4648-B17E-CFE1BC6A02E2}.Debug|Any CPU.ActiveCfg = Debug|Any CPU
		{F4390603-B9F1-4648-B17E-CFE1BC6A02E2}.Debug|Any CPU.Build.0 = Debug|Any CPU
		{F4390603-B9F1-4648-B17E-CFE1BC6A02E2}.Release|Any CPU.ActiveCfg = Release|Any CPU
		{F4390603-B9F1-4648-B17E-CFE1BC6A02E2}.Release|Any CPU.Build.0 = Release|Any CPU
		{BD9F75C5-A48D-4CCE-BC35-C44670306A19}.Debug|Any CPU.ActiveCfg = Debug|Any CPU
		{BD9F75C5-A48D-4CCE-BC35-C44670306A19}.Debug|Any CPU.Build.0 = Debug|Any CPU
		{BD9F75C5-A48D-4CCE-BC35-C44670306A19}.Release|Any CPU.ActiveCfg = Release|Any CPU
		{BD9F75C5-A48D-4CCE-BC35-C44670306A19}.Release|Any CPU.Build.0 = Release|Any CPU
		{A00EC34B-6825-4C2F-95BF-88FF2EEE1985}.Debug|Any CPU.ActiveCfg = Debug|Any CPU
		{A00EC34B-6825-4C2F-95BF-88FF2EEE1985}.Debug|Any CPU.Build.0 = Debug|Any CPU
		{A00EC34B-6825-4C2F-95BF-88FF2EEE1985}.Release|Any CPU.ActiveCfg = Release|Any CPU
		{A00EC34B-6825-4C2F-95BF-88FF2EEE1985}.Release|Any CPU.Build.0 = Release|Any CPU
		{CDF572C0-C6B5-4B52-9985-C99A7241B735}.Debug|Any CPU.ActiveCfg = Debug|Any CPU
		{CDF572C0-C6B5-4B52-9985-C99A7241B735}.Debug|Any CPU.Build.0 = Debug|Any CPU
		{CDF572C0-C6B5-4B52-9985-C99A7241B735}.Release|Any CPU.ActiveCfg = Release|Any CPU
		{CDF572C0-C6B5-4B52-9985-C99A7241B735}.Release|Any CPU.Build.0 = Release|Any CPU
	EndGlobalSection
	GlobalSection(SolutionProperties) = preSolution
		HideSolutionNode = FALSE
	EndGlobalSection
	GlobalSection(ExtensibilityGlobals) = postSolution
		SolutionGuid = {5D6AB2F1-8597-497D-A06D-C3E7939277C0}
	EndGlobalSection
EndGlobal
